
Microsoft Visual Studio Solution File, Format Version 12.00
# Visual Studio Version 17
VisualStudioVersion = 17.8.34316.72
MinimumVisualStudioVersion = 10.0.40219.1
Project("{FAE04EC0-301F-11D3-BF4B-00C04F79EFBC}") = "Lab8.2", "Lab8.2\Lab8.2.csproj", "{F679F45B-4619-4173-9ECE-9BD4E715E61A}"
EndProject
Global
	GlobalSection(SolutionConfigurationPlatforms) = preSolution
		Debug|Any CPU = Debug|Any CPU
		Release|Any CPU = Release|Any CPU
	EndGlobalSection
	GlobalSection(ProjectConfigurationPlatforms) = postSolution
		{F679F45B-4619-4173-9ECE-9BD4E715E61A}.Debug|Any CPU.ActiveCfg = Debug|Any CPU
		{F679F45B-4619-4173-9ECE-9BD4E715E61A}.Debug|Any CPU.Build.0 = Debug|Any CPU
		{F679F45B-4619-4173-9ECE-9BD4E715E61A}.Release|Any CPU.ActiveCfg = Release|Any CPU
		{F679F45B-4619-4173-9ECE-9BD4E715E61A}.Release|Any CPU.Build.0 = Release|Any CPU
	EndGlobalSection
	GlobalSection(SolutionProperties) = preSolution
		HideSolutionNode = FALSE
	EndGlobalSection
	GlobalSection(ExtensibilityGlobals) = postSolution
		SolutionGuid = {657E21E9-593F-45B0-BFF1-586318DB7C67}
	EndGlobalSection
EndGlobal
